
Microsoft Visual Studio Solution File, Format Version 12.00
# Visual Studio Version 16
VisualStudioVersion = 16.0.32106.194
MinimumVisualStudioVersion = 10.0.40219.1
Project("{FAE04EC0-301F-11D3-BF4B-00C04F79EFBC}") = "SignalRTestCore", "SignalRTestCore\SignalRTestCore.csproj", "{65B22CF5-90D1-4D52-9446-FC534B7E4A29}"
EndProject
Global
	GlobalSection(SolutionConfigurationPlatforms) = preSolution
		Debug|Any CPU = Debug|Any CPU
		Release|Any CPU = Release|Any CPU
	EndGlobalSection
	GlobalSection(ProjectConfigurationPlatforms) = postSolution
		{65B22CF5-90D1-4D52-9446-FC534B7E4A29}.Debug|Any CPU.ActiveCfg = Debug|Any CPU
		{65B22CF5-90D1-4D52-9446-FC534B7E4A29}.Debug|Any CPU.Build.0 = Debug|Any CPU
		{65B22CF5-90D1-4D52-9446-FC534B7E4A29}.Release|Any CPU.ActiveCfg = Release|Any CPU
		{65B22CF5-90D1-4D52-9446-FC534B7E4A29}.Release|Any CPU.Build.0 = Release|Any CPU
	EndGlobalSection
	GlobalSection(SolutionProperties) = preSolution
		HideSolutionNode = FALSE
	EndGlobalSection
	GlobalSection(ExtensibilityGlobals) = postSolution
		SolutionGuid = {56B67EF2-5C75-4F9F-9ED6-ED3226DB9702}
	EndGlobalSection
EndGlobal
